// !$*UTF8*$!
{
	archiveVersion = 1;
	classes = {
	};
	objectVersion = 50;
	objects = {

/* Begin PBXBuildFile section */
		467FFCC0B0ED7E098B9CD738 /* Pods_DQ_StatisticsTests.framework in Frameworks */ = {isa = PBXBuildFile; fileRef = 0747F5E680BED42F5AAE465E /* Pods_DQ_StatisticsTests.framework */; };
		7377754CBC669430C22EAF89 /* Pods_DQ_Statistics.framework in Frameworks */ = {isa = PBXBuildFile; fileRef = C060B9ADC15B1FDC5BD770D6 /* Pods_DQ_Statistics.framework */; };
		8D27591822702D220038989F /* AppDelegate.swift in Sources */ = {isa = PBXBuildFile; fileRef = 8D27591722702D220038989F /* AppDelegate.swift */; };
		8D27591D22702D220038989F /* Main.storyboard in Resources */ = {isa = PBXBuildFile; fileRef = 8D27591B22702D220038989F /* Main.storyboard */; };
		8D27592022702D220038989F /* DQ_Statistics.xcdatamodeld in Sources */ = {isa = PBXBuildFile; fileRef = 8D27591E22702D220038989F /* DQ_Statistics.xcdatamodeld */; };
		8D27592222702D230038989F /* Assets.xcassets in Resources */ = {isa = PBXBuildFile; fileRef = 8D27592122702D230038989F /* Assets.xcassets */; };
		8D27592522702D230038989F /* LaunchScreen.storyboard in Resources */ = {isa = PBXBuildFile; fileRef = 8D27592322702D230038989F /* LaunchScreen.storyboard */; };
		8D27593022702D230038989F /* DQ_StatisticsTests.swift in Sources */ = {isa = PBXBuildFile; fileRef = 8D27592F22702D230038989F /* DQ_StatisticsTests.swift */; };
		8D27593D227148AE0038989F /* SWRevealViewController.m in Sources */ = {isa = PBXBuildFile; fileRef = 8D27593C227148AE0038989F /* SWRevealViewController.m */; };
		8D27593F22714C730038989F /* ViewController.swift in Sources */ = {isa = PBXBuildFile; fileRef = 8D27593E22714C730038989F /* ViewController.swift */; };
		8D27594B2273F1090038989F /* YieldsViewController.swift in Sources */ = {isa = PBXBuildFile; fileRef = 8D27594A2273F1090038989F /* YieldsViewController.swift */; };
		8D27594D2273F2BD0038989F /* DrawersViewController.swift in Sources */ = {isa = PBXBuildFile; fileRef = 8D27594C2273F2BD0038989F /* DrawersViewController.swift */; };
		8D27594F2273F2CE0038989F /* ContestViewController.swift in Sources */ = {isa = PBXBuildFile; fileRef = 8D27594E2273F2CE0038989F /* ContestViewController.swift */; };
		8D2759512273F2DC0038989F /* ManagersViewController.swift in Sources */ = {isa = PBXBuildFile; fileRef = 8D2759502273F2DC0038989F /* ManagersViewController.swift */; };
		8D27596122740A2E0038989F /* PersistenceService.swift in Sources */ = {isa = PBXBuildFile; fileRef = 8D27596022740A2E0038989F /* PersistenceService.swift */; };
		8D275964227410E50038989F /* Manager+CoreDataClass.swift in Sources */ = {isa = PBXBuildFile; fileRef = 8D275962227410E50038989F /* Manager+CoreDataClass.swift */; };
		8D275965227410E50038989F /* Manager+CoreDataProperties.swift in Sources */ = {isa = PBXBuildFile; fileRef = 8D275963227410E50038989F /* Manager+CoreDataProperties.swift */; };
		8D27596C22742AC60038989F /* Labor+CoreDataClass.swift in Sources */ = {isa = PBXBuildFile; fileRef = 8D27596A22742AC60038989F /* Labor+CoreDataClass.swift */; };
		8D27596D22742AC60038989F /* Labor+CoreDataProperties.swift in Sources */ = {isa = PBXBuildFile; fileRef = 8D27596B22742AC60038989F /* Labor+CoreDataProperties.swift */; };
		8D27596F227672B70038989F /* LaborPopupViewController.swift in Sources */ = {isa = PBXBuildFile; fileRef = 8D27596E227672B70038989F /* LaborPopupViewController.swift */; };
		8D2759712276ABD60038989F /* managersPopupViewController.swift in Sources */ = {isa = PBXBuildFile; fileRef = 8D2759702276ABD60038989F /* managersPopupViewController.swift */; };
		8D2759752276C62D0038989F /* ContestPopupViewController.swift in Sources */ = {isa = PBXBuildFile; fileRef = 8D2759742276C62D0038989F /* ContestPopupViewController.swift */; };
		8D27597B227AA5A10038989F /* DrawersPopupViewController.swift in Sources */ = {isa = PBXBuildFile; fileRef = 8D27597A227AA5A10038989F /* DrawersPopupViewController.swift */; };
		8D275986227C088F0038989F /* Drawer+CoreDataClass.swift in Sources */ = {isa = PBXBuildFile; fileRef = 8D275984227C088F0038989F /* Drawer+CoreDataClass.swift */; };
		8D275987227C088F0038989F /* Drawer+CoreDataProperties.swift in Sources */ = {isa = PBXBuildFile; fileRef = 8D275985227C088F0038989F /* Drawer+CoreDataProperties.swift */; };
/* End PBXBuildFile section */

/* Begin PBXContainerItemProxy section */
		8D27592C22702D230038989F /* PBXContainerItemProxy */ = {
			isa = PBXContainerItemProxy;
			containerPortal = 8D27590C22702D220038989F /* Project object */;
			proxyType = 1;
			remoteGlobalIDString = 8D27591322702D220038989F;
			remoteInfo = "DQ Statistics";
		};
/* End PBXContainerItemProxy section */

/* Begin PBXFileReference section */
		0747F5E680BED42F5AAE465E /* Pods_DQ_StatisticsTests.framework */ = {isa = PBXFileReference; explicitFileType = wrapper.framework; includeInIndex = 0; path = Pods_DQ_StatisticsTests.framework; sourceTree = BUILT_PRODUCTS_DIR; };
		4C9DA5680D82C41A3BB37813 /* Pods-DQ StatisticsTests.debug.xcconfig */ = {isa = PBXFileReference; includeInIndex = 1; lastKnownFileType = text.xcconfig; name = "Pods-DQ StatisticsTests.debug.xcconfig"; path = "Target Support Files/Pods-DQ StatisticsTests/Pods-DQ StatisticsTests.debug.xcconfig"; sourceTree = "<group>"; };
		8D27591422702D220038989F /* DQ Statistics.app */ = {isa = PBXFileReference; explicitFileType = wrapper.application; includeInIndex = 0; path = "DQ Statistics.app"; sourceTree = BUILT_PRODUCTS_DIR; };
		8D27591722702D220038989F /* AppDelegate.swift */ = {isa = PBXFileReference; lastKnownFileType = sourcecode.swift; path = AppDelegate.swift; sourceTree = "<group>"; };
		8D27591C22702D220038989F /* Base */ = {isa = PBXFileReference; lastKnownFileType = file.storyboard; name = Base; path = Base.lproj/Main.storyboard; sourceTree = "<group>"; };
		8D27591F22702D220038989F /* DQ_Statistics.xcdatamodel */ = {isa = PBXFileReference; lastKnownFileType = wrapper.xcdatamodel; path = DQ_Statistics.xcdatamodel; sourceTree = "<group>"; };
		8D27592122702D230038989F /* Assets.xcassets */ = {isa = PBXFileReference; lastKnownFileType = folder.assetcatalog; path = Assets.xcassets; sourceTree = "<group>"; };
		8D27592422702D230038989F /* Base */ = {isa = PBXFileReference; lastKnownFileType = file.storyboard; name = Base; path = Base.lproj/LaunchScreen.storyboard; sourceTree = "<group>"; };
		8D27592622702D230038989F /* Info.plist */ = {isa = PBXFileReference; lastKnownFileType = text.plist.xml; path = Info.plist; sourceTree = "<group>"; };
		8D27592B22702D230038989F /* DQ StatisticsTests.xctest */ = {isa = PBXFileReference; explicitFileType = wrapper.cfbundle; includeInIndex = 0; path = "DQ StatisticsTests.xctest"; sourceTree = BUILT_PRODUCTS_DIR; };
		8D27592F22702D230038989F /* DQ_StatisticsTests.swift */ = {isa = PBXFileReference; lastKnownFileType = sourcecode.swift; path = DQ_StatisticsTests.swift; sourceTree = "<group>"; };
		8D27593122702D230038989F /* Info.plist */ = {isa = PBXFileReference; lastKnownFileType = text.plist.xml; path = Info.plist; sourceTree = "<group>"; };
		8D27593A227148AD0038989F /* DQ Statistics-Bridging-Header.h */ = {isa = PBXFileReference; lastKnownFileType = sourcecode.c.h; path = "DQ Statistics-Bridging-Header.h"; sourceTree = "<group>"; };
		8D27593B227148AE0038989F /* SWRevealViewController.h */ = {isa = PBXFileReference; fileEncoding = 4; lastKnownFileType = sourcecode.c.h; name = SWRevealViewController.h; path = "../../../../../Downloads/SWRevealViewController-master/SWRevealViewController/SWRevealViewController.h"; sourceTree = "<group>"; };
		8D27593C227148AE0038989F /* SWRevealViewController.m */ = {isa = PBXFileReference; fileEncoding = 4; lastKnownFileType = sourcecode.c.objc; name = SWRevealViewController.m; path = "../../../../../Downloads/SWRevealViewController-master/SWRevealViewController/SWRevealViewController.m"; sourceTree = "<group>"; };
		8D27593E22714C730038989F /* ViewController.swift */ = {isa = PBXFileReference; lastKnownFileType = sourcecode.swift; path = ViewController.swift; sourceTree = "<group>"; };
		8D27594A2273F1090038989F /* YieldsViewController.swift */ = {isa = PBXFileReference; lastKnownFileType = sourcecode.swift; path = YieldsViewController.swift; sourceTree = "<group>"; };
		8D27594C2273F2BD0038989F /* DrawersViewController.swift */ = {isa = PBXFileReference; lastKnownFileType = sourcecode.swift; path = DrawersViewController.swift; sourceTree = "<group>"; };
		8D27594E2273F2CE0038989F /* ContestViewController.swift */ = {isa = PBXFileReference; lastKnownFileType = sourcecode.swift; path = ContestViewController.swift; sourceTree = "<group>"; };
		8D2759502273F2DC0038989F /* ManagersViewController.swift */ = {isa = PBXFileReference; lastKnownFileType = sourcecode.swift; path = ManagersViewController.swift; sourceTree = "<group>"; };
		8D27596022740A2E0038989F /* PersistenceService.swift */ = {isa = PBXFileReference; lastKnownFileType = sourcecode.swift; path = PersistenceService.swift; sourceTree = "<group>"; };
		8D275962227410E50038989F /* Manager+CoreDataClass.swift */ = {isa = PBXFileReference; lastKnownFileType = sourcecode.swift; path = "Manager+CoreDataClass.swift"; sourceTree = "<group>"; };
		8D275963227410E50038989F /* Manager+CoreDataProperties.swift */ = {isa = PBXFileReference; lastKnownFileType = sourcecode.swift; path = "Manager+CoreDataProperties.swift"; sourceTree = "<group>"; };
		8D27596A22742AC60038989F /* Labor+CoreDataClass.swift */ = {isa = PBXFileReference; lastKnownFileType = sourcecode.swift; path = "Labor+CoreDataClass.swift"; sourceTree = "<group>"; };
		8D27596B22742AC60038989F /* Labor+CoreDataProperties.swift */ = {isa = PBXFileReference; lastKnownFileType = sourcecode.swift; path = "Labor+CoreDataProperties.swift"; sourceTree = "<group>"; };
		8D27596E227672B70038989F /* LaborPopupViewController.swift */ = {isa = PBXFileReference; lastKnownFileType = sourcecode.swift; path = LaborPopupViewController.swift; sourceTree = "<group>"; };
		8D2759702276ABD60038989F /* managersPopupViewController.swift */ = {isa = PBXFileReference; lastKnownFileType = sourcecode.swift; path = managersPopupViewController.swift; sourceTree = "<group>"; };
		8D2759742276C62D0038989F /* ContestPopupViewController.swift */ = {isa = PBXFileReference; lastKnownFileType = sourcecode.swift; path = ContestPopupViewController.swift; sourceTree = "<group>"; };
		8D27597A227AA5A10038989F /* DrawersPopupViewController.swift */ = {isa = PBXFileReference; lastKnownFileType = sourcecode.swift; path = DrawersPopupViewController.swift; sourceTree = "<group>"; };
		8D275984227C088F0038989F /* Drawer+CoreDataClass.swift */ = {isa = PBXFileReference; lastKnownFileType = sourcecode.swift; path = "Drawer+CoreDataClass.swift"; sourceTree = "<group>"; };
		8D275985227C088F0038989F /* Drawer+CoreDataProperties.swift */ = {isa = PBXFileReference; lastKnownFileType = sourcecode.swift; path = "Drawer+CoreDataProperties.swift"; sourceTree = "<group>"; };
		922A983B2403E0FBCC72EA72 /* Pods-DQ Statistics.release.xcconfig */ = {isa = PBXFileReference; includeInIndex = 1; lastKnownFileType = text.xcconfig; name = "Pods-DQ Statistics.release.xcconfig"; path = "Target Support Files/Pods-DQ Statistics/Pods-DQ Statistics.release.xcconfig"; sourceTree = "<group>"; };
		AC98CF45ABDCEB8CCB7193C5 /* Pods-DQ Statistics.debug.xcconfig */ = {isa = PBXFileReference; includeInIndex = 1; lastKnownFileType = text.xcconfig; name = "Pods-DQ Statistics.debug.xcconfig"; path = "Target Support Files/Pods-DQ Statistics/Pods-DQ Statistics.debug.xcconfig"; sourceTree = "<group>"; };
		C060B9ADC15B1FDC5BD770D6 /* Pods_DQ_Statistics.framework */ = {isa = PBXFileReference; explicitFileType = wrapper.framework; includeInIndex = 0; path = Pods_DQ_Statistics.framework; sourceTree = BUILT_PRODUCTS_DIR; };
		F24F2DA9829149656D93AD19 /* Pods-DQ StatisticsTests.release.xcconfig */ = {isa = PBXFileReference; includeInIndex = 1; lastKnownFileType = text.xcconfig; name = "Pods-DQ StatisticsTests.release.xcconfig"; path = "Target Support Files/Pods-DQ StatisticsTests/Pods-DQ StatisticsTests.release.xcconfig"; sourceTree = "<group>"; };
/* End PBXFileReference section */

/* Begin PBXFrameworksBuildPhase section */
		8D27591122702D220038989F /* Frameworks */ = {
			isa = PBXFrameworksBuildPhase;
			buildActionMask = 2147483647;
			files = (
				7377754CBC669430C22EAF89 /* Pods_DQ_Statistics.framework in Frameworks */,
			);
			runOnlyForDeploymentPostprocessing = 0;
		};
		8D27592822702D230038989F /* Frameworks */ = {
			isa = PBXFrameworksBuildPhase;
			buildActionMask = 2147483647;
			files = (
				467FFCC0B0ED7E098B9CD738 /* Pods_DQ_StatisticsTests.framework in Frameworks */,
			);
			runOnlyForDeploymentPostprocessing = 0;
		};
/* End PBXFrameworksBuildPhase section */

/* Begin PBXGroup section */
		4825631FC1AA15FCF5A41C41 /* Frameworks */ = {
			isa = PBXGroup;
			children = (
				C060B9ADC15B1FDC5BD770D6 /* Pods_DQ_Statistics.framework */,
				0747F5E680BED42F5AAE465E /* Pods_DQ_StatisticsTests.framework */,
			);
			name = Frameworks;
			sourceTree = "<group>";
		};
		74257C37BE894EBF101E4075 /* Pods */ = {
			isa = PBXGroup;
			children = (
				AC98CF45ABDCEB8CCB7193C5 /* Pods-DQ Statistics.debug.xcconfig */,
				922A983B2403E0FBCC72EA72 /* Pods-DQ Statistics.release.xcconfig */,
				4C9DA5680D82C41A3BB37813 /* Pods-DQ StatisticsTests.debug.xcconfig */,
				F24F2DA9829149656D93AD19 /* Pods-DQ StatisticsTests.release.xcconfig */,
			);
			path = Pods;
			sourceTree = "<group>";
		};
		8D27590B22702D220038989F = {
			isa = PBXGroup;
			children = (
				8D27591622702D220038989F /* DQ Statistics */,
				8D27592E22702D230038989F /* DQ StatisticsTests */,
				8D27591522702D220038989F /* Products */,
				74257C37BE894EBF101E4075 /* Pods */,
				4825631FC1AA15FCF5A41C41 /* Frameworks */,
			);
			sourceTree = "<group>";
		};
		8D27591522702D220038989F /* Products */ = {
			isa = PBXGroup;
			children = (
				8D27591422702D220038989F /* DQ Statistics.app */,
				8D27592B22702D230038989F /* DQ StatisticsTests.xctest */,
			);
			name = Products;
			sourceTree = "<group>";
		};
		8D27591622702D220038989F /* DQ Statistics */ = {
			isa = PBXGroup;
			children = (
				8D275984227C088F0038989F /* Drawer+CoreDataClass.swift */,
				8D275985227C088F0038989F /* Drawer+CoreDataProperties.swift */,
				8D27596A22742AC60038989F /* Labor+CoreDataClass.swift */,
				8D27596B22742AC60038989F /* Labor+CoreDataProperties.swift */,
				8D275962227410E50038989F /* Manager+CoreDataClass.swift */,
				8D275963227410E50038989F /* Manager+CoreDataProperties.swift */,
				8D27597A227AA5A10038989F /* DrawersPopupViewController.swift */,
				8D27591722702D220038989F /* AppDelegate.swift */,
				8D2759742276C62D0038989F /* ContestPopupViewController.swift */,
				8D2759702276ABD60038989F /* managersPopupViewController.swift */,
				8D27596E227672B70038989F /* LaborPopupViewController.swift */,
				8D27591B22702D220038989F /* Main.storyboard */,
				8D27594A2273F1090038989F /* YieldsViewController.swift */,
				8D27594C2273F2BD0038989F /* DrawersViewController.swift */,
				8D27592122702D230038989F /* Assets.xcassets */,
				8D27593E22714C730038989F /* ViewController.swift */,
				8D27592322702D230038989F /* LaunchScreen.storyboard */,
				8D27593B227148AE0038989F /* SWRevealViewController.h */,
				8D27593C227148AE0038989F /* SWRevealViewController.m */,
				8D27592622702D230038989F /* Info.plist */,
				8D27591E22702D220038989F /* DQ_Statistics.xcdatamodeld */,
				8D27593A227148AD0038989F /* DQ Statistics-Bridging-Header.h */,
				8D27594E2273F2CE0038989F /* ContestViewController.swift */,
				8D2759502273F2DC0038989F /* ManagersViewController.swift */,
				8D27596022740A2E0038989F /* PersistenceService.swift */,
			);
			path = "DQ Statistics";
			sourceTree = "<group>";
		};
		8D27592E22702D230038989F /* DQ StatisticsTests */ = {
			isa = PBXGroup;
			children = (
				8D27592F22702D230038989F /* DQ_StatisticsTests.swift */,
				8D27593122702D230038989F /* Info.plist */,
			);
			path = "DQ StatisticsTests";
			sourceTree = "<group>";
		};
/* End PBXGroup section */

/* Begin PBXNativeTarget section */
		8D27591322702D220038989F /* DQ Statistics */ = {
			isa = PBXNativeTarget;
			buildConfigurationList = 8D27593422702D230038989F /* Build configuration list for PBXNativeTarget "DQ Statistics" */;
			buildPhases = (
				DD917850A6661DB7DBCEB8BB /* [CP] Check Pods Manifest.lock */,
				8D27591022702D220038989F /* Sources */,
				8D27591122702D220038989F /* Frameworks */,
				8D27591222702D220038989F /* Resources */,
				93D836B4D6C74BFD8ECAFD95 /* [CP] Embed Pods Frameworks */,
			);
			buildRules = (
			);
			dependencies = (
			);
			name = "DQ Statistics";
			productName = "DQ Statistics";
			productReference = 8D27591422702D220038989F /* DQ Statistics.app */;
			productType = "com.apple.product-type.application";
		};
		8D27592A22702D230038989F /* DQ StatisticsTests */ = {
			isa = PBXNativeTarget;
			buildConfigurationList = 8D27593722702D230038989F /* Build configuration list for PBXNativeTarget "DQ StatisticsTests" */;
			buildPhases = (
				EFB7EF9BF884596BD856E156 /* [CP] Check Pods Manifest.lock */,
				8D27592722702D230038989F /* Sources */,
				8D27592822702D230038989F /* Frameworks */,
				8D27592922702D230038989F /* Resources */,
			);
			buildRules = (
			);
			dependencies = (
				8D27592D22702D230038989F /* PBXTargetDependency */,
			);
			name = "DQ StatisticsTests";
			productName = "DQ StatisticsTests";
			productReference = 8D27592B22702D230038989F /* DQ StatisticsTests.xctest */;
			productType = "com.apple.product-type.bundle.unit-test";
		};
/* End PBXNativeTarget section */

/* Begin PBXProject section */
		8D27590C22702D220038989F /* Project object */ = {
			isa = PBXProject;
			attributes = {
				LastSwiftUpdateCheck = 1020;
				LastUpgradeCheck = 1020;
				ORGANIZATIONNAME = "Jacob Laing";
				TargetAttributes = {
					8D27591322702D220038989F = {
						CreatedOnToolsVersion = 10.2.1;
						LastSwiftMigration = 1020;
					};
					8D27592A22702D230038989F = {
						CreatedOnToolsVersion = 10.2.1;
						TestTargetID = 8D27591322702D220038989F;
					};
				};
			};
			buildConfigurationList = 8D27590F22702D220038989F /* Build configuration list for PBXProject "DQ Statistics" */;
			compatibilityVersion = "Xcode 9.3";
			developmentRegion = en;
			hasScannedForEncodings = 0;
			knownRegions = (
				en,
				Base,
			);
			mainGroup = 8D27590B22702D220038989F;
			productRefGroup = 8D27591522702D220038989F /* Products */;
			projectDirPath = "";
			projectRoot = "";
			targets = (
				8D27591322702D220038989F /* DQ Statistics */,
				8D27592A22702D230038989F /* DQ StatisticsTests */,
			);
		};
/* End PBXProject section */

/* Begin PBXResourcesBuildPhase section */
		8D27591222702D220038989F /* Resources */ = {
			isa = PBXResourcesBuildPhase;
			buildActionMask = 2147483647;
			files = (
				8D27592522702D230038989F /* LaunchScreen.storyboard in Resources */,
				8D27592222702D230038989F /* Assets.xcassets in Resources */,
				8D27591D22702D220038989F /* Main.storyboard in Resources */,
			);
			runOnlyForDeploymentPostprocessing = 0;
		};
		8D27592922702D230038989F /* Resources */ = {
			isa = PBXResourcesBuildPhase;
			buildActionMask = 2147483647;
			files = (
			);
			runOnlyForDeploymentPostprocessing = 0;
		};
/* End PBXResourcesBuildPhase section */

/* Begin PBXShellScriptBuildPhase section */
		93D836B4D6C74BFD8ECAFD95 /* [CP] Embed Pods Frameworks */ = {
			isa = PBXShellScriptBuildPhase;
			buildActionMask = 2147483647;
			files = (
			);
			inputFileListPaths = (
			);
			inputPaths = (
				"${PODS_ROOT}/Target Support Files/Pods-DQ Statistics/Pods-DQ Statistics-frameworks.sh",
				"${BUILT_PRODUCTS_DIR}/Charts/Charts.framework",
			);
			name = "[CP] Embed Pods Frameworks";
			outputFileListPaths = (
			);
			outputPaths = (
				"${TARGET_BUILD_DIR}/${FRAMEWORKS_FOLDER_PATH}/Charts.framework",
			);
			runOnlyForDeploymentPostprocessing = 0;
			shellPath = /bin/sh;
			shellScript = "\"${PODS_ROOT}/Target Support Files/Pods-DQ Statistics/Pods-DQ Statistics-frameworks.sh\"\n";
			showEnvVarsInLog = 0;
		};
		DD917850A6661DB7DBCEB8BB /* [CP] Check Pods Manifest.lock */ = {
			isa = PBXShellScriptBuildPhase;
			buildActionMask = 2147483647;
			files = (
			);
			inputFileListPaths = (
			);
			inputPaths = (
				"${PODS_PODFILE_DIR_PATH}/Podfile.lock",
				"${PODS_ROOT}/Manifest.lock",
			);
			name = "[CP] Check Pods Manifest.lock";
			outputFileListPaths = (
			);
			outputPaths = (
				"$(DERIVED_FILE_DIR)/Pods-DQ Statistics-checkManifestLockResult.txt",
			);
			runOnlyForDeploymentPostprocessing = 0;
			shellPath = /bin/sh;
			shellScript = "diff \"${PODS_PODFILE_DIR_PATH}/Podfile.lock\" \"${PODS_ROOT}/Manifest.lock\" > /dev/null\nif [ $? != 0 ] ; then\n    # print error to STDERR\n    echo \"error: The sandbox is not in sync with the Podfile.lock. Run 'pod install' or update your CocoaPods installation.\" >&2\n    exit 1\nfi\n# This output is used by Xcode 'outputs' to avoid re-running this script phase.\necho \"SUCCESS\" > \"${SCRIPT_OUTPUT_FILE_0}\"\n";
			showEnvVarsInLog = 0;
		};
		EFB7EF9BF884596BD856E156 /* [CP] Check Pods Manifest.lock */ = {
			isa = PBXShellScriptBuildPhase;
			buildActionMask = 2147483647;
			files = (
			);
			inputFileListPaths = (
			);
			inputPaths = (
				"${PODS_PODFILE_DIR_PATH}/Podfile.lock",
				"${PODS_ROOT}/Manifest.lock",
			);
			name = "[CP] Check Pods Manifest.lock";
			outputFileListPaths = (
			);
			outputPaths = (
				"$(DERIVED_FILE_DIR)/Pods-DQ StatisticsTests-checkManifestLockResult.txt",
			);
			runOnlyForDeploymentPostprocessing = 0;
			shellPath = /bin/sh;
			shellScript = "diff \"${PODS_PODFILE_DIR_PATH}/Podfile.lock\" \"${PODS_ROOT}/Manifest.lock\" > /dev/null\nif [ $? != 0 ] ; then\n    # print error to STDERR\n    echo \"error: The sandbox is not in sync with the Podfile.lock. Run 'pod install' or update your CocoaPods installation.\" >&2\n    exit 1\nfi\n# This output is used by Xcode 'outputs' to avoid re-running this script phase.\necho \"SUCCESS\" > \"${SCRIPT_OUTPUT_FILE_0}\"\n";
			showEnvVarsInLog = 0;
		};
/* End PBXShellScriptBuildPhase section */

/* Begin PBXSourcesBuildPhase section */
		8D27591022702D220038989F /* Sources */ = {
			isa = PBXSourcesBuildPhase;
			buildActionMask = 2147483647;
			files = (
				8D27596D22742AC60038989F /* Labor+CoreDataProperties.swift in Sources */,
				8D27591822702D220038989F /* AppDelegate.swift in Sources */,
				8D27594D2273F2BD0038989F /* DrawersViewController.swift in Sources */,
				8D275987227C088F0038989F /* Drawer+CoreDataProperties.swift in Sources */,
				8D27594B2273F1090038989F /* YieldsViewController.swift in Sources */,
				8D27597B227AA5A10038989F /* DrawersPopupViewController.swift in Sources */,
				8D27592022702D220038989F /* DQ_Statistics.xcdatamodeld in Sources */,
				8D2759512273F2DC0038989F /* ManagersViewController.swift in Sources */,
				8D2759712276ABD60038989F /* managersPopupViewController.swift in Sources */,
				8D275986227C088F0038989F /* Drawer+CoreDataClass.swift in Sources */,
				8D27594F2273F2CE0038989F /* ContestViewController.swift in Sources */,
				8D27593F22714C730038989F /* ViewController.swift in Sources */,
				8D27596F227672B70038989F /* LaborPopupViewController.swift in Sources */,
				8D27596122740A2E0038989F /* PersistenceService.swift in Sources */,
				8D27596C22742AC60038989F /* Labor+CoreDataClass.swift in Sources */,
				8D2759752276C62D0038989F /* ContestPopupViewController.swift in Sources */,
				8D27593D227148AE0038989F /* SWRevealViewController.m in Sources */,
				8D275964227410E50038989F /* Manager+CoreDataClass.swift in Sources */,
				8D275965227410E50038989F /* Manager+CoreDataProperties.swift in Sources */,
			);
			runOnlyForDeploymentPostprocessing = 0;
		};
		8D27592722702D230038989F /* Sources */ = {
			isa = PBXSourcesBuildPhase;
			buildActionMask = 2147483647;
			files = (
				8D27593022702D230038989F /* DQ_StatisticsTests.swift in Sources */,
			);
			runOnlyForDeploymentPostprocessing = 0;
		};
/* End PBXSourcesBuildPhase section */

/* Begin PBXTargetDependency section */
		8D27592D22702D230038989F /* PBXTargetDependency */ = {
			isa = PBXTargetDependency;
			target = 8D27591322702D220038989F /* DQ Statistics */;
			targetProxy = 8D27592C22702D230038989F /* PBXContainerItemProxy */;
		};
/* End PBXTargetDependency section */

/* Begin PBXVariantGroup section */
		8D27591B22702D220038989F /* Main.storyboard */ = {
			isa = PBXVariantGroup;
			children = (
				8D27591C22702D220038989F /* Base */,
			);
			name = Main.storyboard;
			sourceTree = "<group>";
		};
		8D27592322702D230038989F /* LaunchScreen.storyboard */ = {
			isa = PBXVariantGroup;
			children = (
				8D27592422702D230038989F /* Base */,
			);
			name = LaunchScreen.storyboard;
			sourceTree = "<group>";
		};
/* End PBXVariantGroup section */

/* Begin XCBuildConfiguration section */
		8D27593222702D230038989F /* Debug */ = {
			isa = XCBuildConfiguration;
			buildSettings = {
				ALWAYS_SEARCH_USER_PATHS = NO;
				CLANG_ANALYZER_NONNULL = YES;
				CLANG_ANALYZER_NUMBER_OBJECT_CONVERSION = YES_AGGRESSIVE;
				CLANG_CXX_LANGUAGE_STANDARD = "gnu++14";
				CLANG_CXX_LIBRARY = "libc++";
				CLANG_ENABLE_MODULES = YES;
				CLANG_ENABLE_OBJC_ARC = YES;
				CLANG_ENABLE_OBJC_WEAK = YES;
				CLANG_WARN_BLOCK_CAPTURE_AUTORELEASING = YES;
				CLANG_WARN_BOOL_CONVERSION = YES;
				CLANG_WARN_COMMA = YES;
				CLANG_WARN_CONSTANT_CONVERSION = YES;
				CLANG_WARN_DEPRECATED_OBJC_IMPLEMENTATIONS = YES;
				CLANG_WARN_DIRECT_OBJC_ISA_USAGE = YES_ERROR;
				CLANG_WARN_DOCUMENTATION_COMMENTS = YES;
				CLANG_WARN_EMPTY_BODY = YES;
				CLANG_WARN_ENUM_CONVERSION = YES;
				CLANG_WARN_INFINITE_RECURSION = YES;
				CLANG_WARN_INT_CONVERSION = YES;
				CLANG_WARN_NON_LITERAL_NULL_CONVERSION = YES;
				CLANG_WARN_OBJC_IMPLICIT_RETAIN_SELF = YES;
				CLANG_WARN_OBJC_LITERAL_CONVERSION = YES;
				CLANG_WARN_OBJC_ROOT_CLASS = YES_ERROR;
				CLANG_WARN_RANGE_LOOP_ANALYSIS = YES;
				CLANG_WARN_STRICT_PROTOTYPES = YES;
				CLANG_WARN_SUSPICIOUS_MOVE = YES;
				CLANG_WARN_UNGUARDED_AVAILABILITY = YES_AGGRESSIVE;
				CLANG_WARN_UNREACHABLE_CODE = YES;
				CLANG_WARN__DUPLICATE_METHOD_MATCH = YES;
				CODE_SIGN_IDENTITY = "iPhone Developer";
				COPY_PHASE_STRIP = NO;
				DEBUG_INFORMATION_FORMAT = dwarf;
				ENABLE_STRICT_OBJC_MSGSEND = YES;
				ENABLE_TESTABILITY = YES;
				GCC_C_LANGUAGE_STANDARD = gnu11;
				GCC_DYNAMIC_NO_PIC = NO;
				GCC_NO_COMMON_BLOCKS = YES;
				GCC_OPTIMIZATION_LEVEL = 0;
				GCC_PREPROCESSOR_DEFINITIONS = (
					"DEBUG=1",
					"$(inherited)",
				);
				GCC_WARN_64_TO_32_BIT_CONVERSION = YES;
				GCC_WARN_ABOUT_RETURN_TYPE = YES_ERROR;
				GCC_WARN_UNDECLARED_SELECTOR = YES;
				GCC_WARN_UNINITIALIZED_AUTOS = YES_AGGRESSIVE;
				GCC_WARN_UNUSED_FUNCTION = YES;
				GCC_WARN_UNUSED_VARIABLE = YES;
				IPHONEOS_DEPLOYMENT_TARGET = 12.2;
				MTL_ENABLE_DEBUG_INFO = INCLUDE_SOURCE;
				MTL_FAST_MATH = YES;
				ONLY_ACTIVE_ARCH = YES;
				SDKROOT = iphoneos;
				SWIFT_ACTIVE_COMPILATION_CONDITIONS = DEBUG;
				SWIFT_OPTIMIZATION_LEVEL = "-Onone";
			};
			name = Debug;
		};
		8D27593322702D230038989F /* Release */ = {
			isa = XCBuildConfiguration;
			buildSettings = {
				ALWAYS_SEARCH_USER_PATHS = NO;
				CLANG_ANALYZER_NONNULL = YES;
				CLANG_ANALYZER_NUMBER_OBJECT_CONVERSION = YES_AGGRESSIVE;
				CLANG_CXX_LANGUAGE_STANDARD = "gnu++14";
				CLANG_CXX_LIBRARY = "libc++";
				CLANG_ENABLE_MODULES = YES;
				CLANG_ENABLE_OBJC_ARC = YES;
				CLANG_ENABLE_OBJC_WEAK = YES;
				CLANG_WARN_BLOCK_CAPTURE_AUTORELEASING = YES;
				CLANG_WARN_BOOL_CONVERSION = YES;
				CLANG_WARN_COMMA = YES;
				CLANG_WARN_CONSTANT_CONVERSION = YES;
				CLANG_WARN_DEPRECATED_OBJC_IMPLEMENTATIONS = YES;
				CLANG_WARN_DIRECT_OBJC_ISA_USAGE = YES_ERROR;
				CLANG_WARN_DOCUMENTATION_COMMENTS = YES;
				CLANG_WARN_EMPTY_BODY = YES;
				CLANG_WARN_ENUM_CONVERSION = YES;
				CLANG_WARN_INFINITE_RECURSION = YES;
				CLANG_WARN_INT_CONVERSION = YES;
				CLANG_WARN_NON_LITERAL_NULL_CONVERSION = YES;
				CLANG_WARN_OBJC_IMPLICIT_RETAIN_SELF = YES;
				CLANG_WARN_OBJC_LITERAL_CONVERSION = YES;
				CLANG_WARN_OBJC_ROOT_CLASS = YES_ERROR;
				CLANG_WARN_RANGE_LOOP_ANALYSIS = YES;
				CLANG_WARN_STRICT_PROTOTYPES = YES;
				CLANG_WARN_SUSPICIOUS_MOVE = YES;
				CLANG_WARN_UNGUARDED_AVAILABILITY = YES_AGGRESSIVE;
				CLANG_WARN_UNREACHABLE_CODE = YES;
				CLANG_WARN__DUPLICATE_METHOD_MATCH = YES;
				CODE_SIGN_IDENTITY = "iPhone Developer";
				COPY_PHASE_STRIP = NO;
				DEBUG_INFORMATION_FORMAT = "dwarf-with-dsym";
				ENABLE_NS_ASSERTIONS = NO;
				ENABLE_STRICT_OBJC_MSGSEND = YES;
				GCC_C_LANGUAGE_STANDARD = gnu11;
				GCC_NO_COMMON_BLOCKS = YES;
				GCC_WARN_64_TO_32_BIT_CONVERSION = YES;
				GCC_WARN_ABOUT_RETURN_TYPE = YES_ERROR;
				GCC_WARN_UNDECLARED_SELECTOR = YES;
				GCC_WARN_UNINITIALIZED_AUTOS = YES_AGGRESSIVE;
				GCC_WARN_UNUSED_FUNCTION = YES;
				GCC_WARN_UNUSED_VARIABLE = YES;
				IPHONEOS_DEPLOYMENT_TARGET = 12.2;
				MTL_ENABLE_DEBUG_INFO = NO;
				MTL_FAST_MATH = YES;
				SDKROOT = iphoneos;
				SWIFT_COMPILATION_MODE = wholemodule;
				SWIFT_OPTIMIZATION_LEVEL = "-O";
				VALIDATE_PRODUCT = YES;
			};
			name = Release;
		};
		8D27593522702D230038989F /* Debug */ = {
			isa = XCBuildConfiguration;
			baseConfigurationReference = AC98CF45ABDCEB8CCB7193C5 /* Pods-DQ Statistics.debug.xcconfig */;
			buildSettings = {
				ASSETCATALOG_COMPILER_APPICON_NAME = AppIcon;
				CLANG_ENABLE_MODULES = YES;
				CODE_SIGN_STYLE = Automatic;
				DEVELOPMENT_TEAM = 9R69B3BTGJ;
				INFOPLIST_FILE = "DQ Statistics/Info.plist";
				IPHONEOS_DEPLOYMENT_TARGET = 12.1;
				LD_RUNPATH_SEARCH_PATHS = (
					"$(inherited)",
					"@executable_path/Frameworks",
				);
				PRODUCT_BUNDLE_IDENTIFIER = JacobLaing.MobiBoss;
				PRODUCT_NAME = "$(TARGET_NAME)";
				SWIFT_OBJC_BRIDGING_HEADER = "DQ Statistics/DQ Statistics-Bridging-Header.h";
				SWIFT_OPTIMIZATION_LEVEL = "-Onone";
				SWIFT_VERSION = 5.0;
				TARGETED_DEVICE_FAMILY = "1,2";
			};
			name = Debug;
		};
		8D27593622702D230038989F /* Release */ = {
			isa = XCBuildConfiguration;
			baseConfigurationReference = 922A983B2403E0FBCC72EA72 /* Pods-DQ Statistics.release.xcconfig */;
			buildSettings = {
				ASSETCATALOG_COMPILER_APPICON_NAME = AppIcon;
				CLANG_ENABLE_MODULES = YES;
				CODE_SIGN_STYLE = Automatic;
				DEVELOPMENT_TEAM = 9R69B3BTGJ;
				INFOPLIST_FILE = "DQ Statistics/Info.plist";
				IPHONEOS_DEPLOYMENT_TARGET = 12.1;
				LD_RUNPATH_SEARCH_PATHS = (
					"$(inherited)",
					"@executable_path/Frameworks",
				);
				PRODUCT_BUNDLE_IDENTIFIER = JacobLaing.MobiBoss;
				PRODUCT_NAME = "$(TARGET_NAME)";
				SWIFT_OBJC_BRIDGING_HEADER = "DQ Statistics/DQ Statistics-Bridging-Header.h";
				SWIFT_VERSION = 5.0;
				TARGETED_DEVICE_FAMILY = "1,2";
			};
			name = Release;
		};
		8D27593822702D230038989F /* Debug */ = {
			isa = XCBuildConfiguration;
			baseConfigurationReference = 4C9DA5680D82C41A3BB37813 /* Pods-DQ StatisticsTests.debug.xcconfig */;
			buildSettings = {
				ALWAYS_EMBED_SWIFT_STANDARD_LIBRARIES = YES;
				BUNDLE_LOADER = "$(TEST_HOST)";
				CODE_SIGN_STYLE = Automatic;
				DEVELOPMENT_TEAM = 9R69B3BTGJ;
				INFOPLIST_FILE = "DQ StatisticsTests/Info.plist";
				LD_RUNPATH_SEARCH_PATHS = (
					"$(inherited)",
					"@executable_path/Frameworks",
					"@loader_path/Frameworks",
				);
				PRODUCT_BUNDLE_IDENTIFIER = "JacobLaing.DQ-StatisticsTests";
				PRODUCT_NAME = "$(TARGET_NAME)";
				SWIFT_VERSION = 5.0;
				TARGETED_DEVICE_FAMILY = "1,2";
				TEST_HOST = "$(BUILT_PRODUCTS_DIR)/DQ Statistics.app/DQ Statistics";
			};
			name = Debug;
		};
		8D27593922702D230038989F /* Release */ = {
			isa = XCBuildConfiguration;
			baseConfigurationReference = F24F2DA9829149656D93AD19 /* Pods-DQ StatisticsTests.release.xcconfig */;
			buildSettings = {
				ALWAYS_EMBED_SWIFT_STANDARD_LIBRARIES = YES;
				BUNDLE_LOADER = "$(TEST_HOST)";
				CODE_SIGN_STYLE = Automatic;
				DEVELOPMENT_TEAM = 9R69B3BTGJ;
				INFOPLIST_FILE = "DQ StatisticsTests/Info.plist";
				LD_RUNPATH_SEARCH_PATHS = (
					"$(inherited)",
					"@executable_path/Frameworks",
					"@loader_path/Frameworks",
				);
				PRODUCT_BUNDLE_IDENTIFIER = "JacobLaing.DQ-StatisticsTests";
				PRODUCT_NAME = "$(TARGET_NAME)";
				SWIFT_VERSION = 5.0;
				TARGETED_DEVICE_FAMILY = "1,2";
				TEST_HOST = "$(BUILT_PRODUCTS_DIR)/DQ Statistics.app/DQ Statistics";
			};
			name = Release;
		};
/* End XCBuildConfiguration section */

/* Begin XCConfigurationList section */
		8D27590F22702D220038989F /* Build configuration list for PBXProject "DQ Statistics" */ = {
			isa = XCConfigurationList;
			buildConfigurations = (
				8D27593222702D230038989F /* Debug */,
				8D27593322702D230038989F /* Release */,
			);
			defaultConfigurationIsVisible = 0;
			defaultConfigurationName = Release;
		};
		8D27593422702D230038989F /* Build configuration list for PBXNativeTarget "DQ Statistics" */ = {
			isa = XCConfigurationList;
			buildConfigurations = (
				8D27593522702D230038989F /* Debug */,
				8D27593622702D230038989F /* Release */,
			);
			defaultConfigurationIsVisible = 0;
			defaultConfigurationName = Release;
		};
		8D27593722702D230038989F /* Build configuration list for PBXNativeTarget "DQ StatisticsTests" */ = {
			isa = XCConfigurationList;
			buildConfigurations = (
				8D27593822702D230038989F /* Debug */,
				8D27593922702D230038989F /* Release */,
			);
			defaultConfigurationIsVisible = 0;
			defaultConfigurationName = Release;
		};
/* End XCConfigurationList section */

/* Begin XCVersionGroup section */
		8D27591E22702D220038989F /* DQ_Statistics.xcdatamodeld */ = {
			isa = XCVersionGroup;
			children = (
				8D27591F22702D220038989F /* DQ_Statistics.xcdatamodel */,
			);
			currentVersion = 8D27591F22702D220038989F /* DQ_Statistics.xcdatamodel */;
			path = DQ_Statistics.xcdatamodeld;
			sourceTree = "<group>";
			versionGroupType = wrapper.xcdatamodel;
		};
/* End XCVersionGroup section */
	};
	rootObject = 8D27590C22702D220038989F /* Project object */;
}
